// !$*UTF8*$!
{
	archiveVersion = 1;
	classes = {
	};
	objectVersion = 56;
	objects = {

/* Begin PBXBuildFile section */
		B12000000000000000000001 /* NvidiaController.cpp in Sources */ = {isa = PBXBuildFile; fileRef = B11000000000000000000001 /* NvidiaController.cpp */; };
		B12000000000000000000002 /* NvidiaGSP.cpp in Sources */ = {isa = PBXBuildFile; fileRef = B11000000000000000000003 /* NvidiaGSP.cpp */; };
/* End PBXBuildFile section */

/* Begin PBXFileReference section */
		B11000000000000000000001 /* NvidiaController.cpp */ = {isa = PBXFileReference; lastKnownFileType = sourcecode.cpp.cpp; path = NvidiaController.cpp; sourceTree = "<group>"; };
		B11000000000000000000002 /* NvidiaController.h */ = {isa = PBXFileReference; lastKnownFileType = sourcecode.c.h; path = NvidiaController.h; sourceTree = "<group>"; };
		B11000000000000000000003 /* NvidiaGSP.cpp */ = {isa = PBXFileReference; lastKnownFileType = sourcecode.cpp.cpp; path = NvidiaGSP.cpp; sourceTree = "<group>"; };
		B11000000000000000000004 /* Info.plist */ = {isa = PBXFileReference; lastKnownFileType = text.plist.xml; path = Info.plist; sourceTree = "<group>"; };
		B11000000000000000000005 /* NvidiaIds.h */ = {isa = PBXFileReference; lastKnownFileType = sourcecode.c.h; path = NvidiaIds.h; sourceTree = "<group>"; };
		B10000000000000000000003 /* NvidiaGSP.kext */ = {isa = PBXFileReference; explicitFileType = wrapper.kext; includeInIndex = 0; path = NvidiaGSP.kext; sourceTree = BUILT_PRODUCTS_DIR; };
/* End PBXFileReference section */

/* Begin PBXFrameworksBuildPhase section */
		B10000000000000000000005 /* Frameworks */ = {
			isa = PBXFrameworksBuildPhase;
			buildActionMask = 2147483647;
			files = (
			);
			runOnlyForDeploymentPostprocessing = 0;
		};
/* End PBXFrameworksBuildPhase section */

/* Begin PBXGroup section */
		B10000000000000000000006 = {
			isa = PBXGroup;
			children = (
				B10000000000000000000014 /* include */,
				B10000000000000000000010 /* match */,
				B10000000000000000000013 /* kext */,
				B10000000000000000000007 /* Products */,
			);
			sourceTree = "<group>";
		};
		B10000000000000000000007 /* Products */ = {
			isa = PBXGroup;
			children = (
				B10000000000000000000003 /* NvidiaGSP.kext */,
			);
			name = Products;
			sourceTree = "<group>";
		};
		B10000000000000000000010 /* match */ = {
			isa = PBXGroup;
			children = (
				B11000000000000000000001 /* NvidiaController.cpp */,
				B11000000000000000000002 /* NvidiaController.h */,
			);
			path = match;
			sourceTree = "<group>";
		};
		B10000000000000000000013 /* kext */ = {
			isa = PBXGroup;
			children = (
				B11000000000000000000003 /* NvidiaGSP.cpp */,
				B11000000000000000000004 /* Info.plist */,
			);
			path = kext;
			sourceTree = "<group>";
		};
		B10000000000000000000014 /* include */ = {
			isa = PBXGroup;
			children = (
				B11000000000000000000005 /* NvidiaIds.h */,
			);
			path = include;
			sourceTree = "<group>";
		};
/* End PBXGroup section */

/* Begin PBXNativeTarget section */
		B10000000000000000000002 /* NvidiaGSP */ = {
			isa = PBXNativeTarget;
			buildConfigurationList = B1000000000000000000000D /* Build configuration list for PBXNativeTarget "NvidiaGSP" */;
			buildPhases = (
				B10000000000000000000004 /* Sources */,
				B10000000000000000000005 /* Frameworks */,
			);
			buildRules = (
			);
			dependencies = (
			);
			name = NvidiaGSP;
			productName = NvidiaGSP;
			productReference = B10000000000000000000003 /* NvidiaGSP.kext */;
			productType = "com.apple.product-type.kernel-extension";
		};
/* End PBXNativeTarget section */

/* Begin PBXProject section */
		B10000000000000000000001 /* Project object */ = {
			isa = PBXProject;
			attributes = {
				BuildIndependentTargetsInParallel = 1;
				LastUpgradeCheck = 1600;
			};
			buildConfigurationList = B1000000000000000000000C /* Build configuration list for PBXProject "NvidiaGSP" */;
			compatibilityVersion = "Xcode 14.0";
			developmentRegion = en;
			hasScannedForEncodings = 0;
			knownRegions = (
				en,
				Base,
			);
			mainGroup = B10000000000000000000006;
			productRefGroup = B10000000000000000000007 /* Products */;
			projectDirPath = "";
			projectRoot = "";
			targets = (
				B10000000000000000000002 /* NvidiaGSP */,
			);
		};
/* End PBXProject section */

/* Begin PBXSourcesBuildPhase section */
		B10000000000000000000004 /* Sources */ = {
			isa = PBXSourcesBuildPhase;
			buildActionMask = 2147483647;
			files = (
				B12000000000000000000001 /* NvidiaController.cpp in Sources */,
				B12000000000000000000002 /* NvidiaGSP.cpp in Sources */,
			);
			runOnlyForDeploymentPostprocessing = 0;
		};
/* End PBXSourcesBuildPhase section */

/* Begin XCBuildConfiguration section */
		B10000000000000000000008 /* Debug */ = {
			isa = XCBuildConfiguration;
			buildSettings = {
				AD_HOC_CODE_SIGNING_ALLOWED = YES;
				ALWAYS_SEARCH_USER_PATHS = NO;
				ARCHS = x86_64;
				CLANG_CXX_LANGUAGE_STANDARD = "gnu++17";
				CLANG_ENABLE_MODULES = NO;
				CLANG_ENABLE_OBJC_ARC = NO;
				CLANG_WARN_BOOL_CONVERSION = YES;
				CLANG_WARN_CONSTANT_CONVERSION = YES;
				CLANG_WARN_DIRECT_OBJC_ISA_USAGE = YES_ERROR;
				CLANG_WARN_EMPTY_BODY = YES;
				CLANG_WARN_ENUM_CONVERSION = YES;
				CLANG_WARN_INT_CONVERSION = YES;
				CLANG_WARN_UNREACHABLE_CODE = YES;
				CODE_SIGNING_ALLOWED = NO;
				CODE_SIGNING_REQUIRED = NO;
				CODE_SIGN_IDENTITY = "";
				DEAD_CODE_STRIPPING = NO;
				ENABLE_HARDENED_RUNTIME = NO;
				ENABLE_NS_ASSERTIONS = YES;
				GCC_C_LANGUAGE_STANDARD = gnu17;
				GCC_ENABLE_CPP_EXCEPTIONS = NO;
				GCC_ENABLE_CPP_RTTI = NO;
				GCC_NO_COMMON_BLOCKS = YES;
				GCC_PREPROCESSOR_DEFINITIONS = (
					"KERNEL=1",
					"KERNEL_PRIVATE=1",
					"DRIVER_PRIVATE=1",
					"$(inherited)",
				);
				GCC_WARN_64_TO_32_BIT_CONVERSION = YES;
				GCC_WARN_ABOUT_RETURN_TYPE = YES_ERROR;
				GCC_WARN_UNDECLARED_SELECTOR = YES;
				GCC_WARN_UNINITIALIZED_AUTOS = YES_AGGRESSIVE;
				GCC_WARN_UNUSED_FUNCTION = YES;
				GCC_WARN_UNUSED_VARIABLE = YES;
				MACOSX_DEPLOYMENT_TARGET = 15.0;
				ONLY_ACTIVE_ARCH = YES;
				SDKROOT = macosx;
				SUPPORTED_PLATFORMS = macosx;
				SYMROOT = "$(PROJECT_DIR)/build/xcode";
				SYSTEM_HEADER_SEARCH_PATHS = "$(SDKROOT)/System/Library/Frameworks/Kernel.framework/Headers";
				USE_HEADERMAP = NO;
				VALID_ARCHS = x86_64;
			};
			name = Debug;
		};
		B10000000000000000000009 /* Release */ = {
			isa = XCBuildConfiguration;
			buildSettings = {
				AD_HOC_CODE_SIGNING_ALLOWED = YES;
				ALWAYS_SEARCH_USER_PATHS = NO;
				ARCHS = x86_64;
				CLANG_CXX_LANGUAGE_STANDARD = "gnu++17";
				CLANG_ENABLE_MODULES = NO;
				CLANG_ENABLE_OBJC_ARC = NO;
				CLANG_WARN_BOOL_CONVERSION = YES;
				CLANG_WARN_CONSTANT_CONVERSION = YES;
				CLANG_WARN_DIRECT_OBJC_ISA_USAGE = YES_ERROR;
				CLANG_WARN_EMPTY_BODY = YES;
				CLANG_WARN_ENUM_CONVERSION = YES;
				CLANG_WARN_INT_CONVERSION = YES;
				CLANG_WARN_UNREACHABLE_CODE = YES;
				CODE_SIGNING_ALLOWED = NO;
				CODE_SIGNING_REQUIRED = NO;
				CODE_SIGN_IDENTITY = "";
				DEAD_CODE_STRIPPING = NO;
				ENABLE_HARDENED_RUNTIME = NO;
				ENABLE_NS_ASSERTIONS = YES;
				GCC_C_LANGUAGE_STANDARD = gnu17;
				GCC_ENABLE_CPP_EXCEPTIONS = NO;
				GCC_ENABLE_CPP_RTTI = NO;
				GCC_NO_COMMON_BLOCKS = YES;
				GCC_PREPROCESSOR_DEFINITIONS = (
					"KERNEL=1",
					"KERNEL_PRIVATE=1",
					"DRIVER_PRIVATE=1",
					"$(inherited)",
				);
				GCC_WARN_64_TO_32_BIT_CONVERSION = YES;
				GCC_WARN_ABOUT_RETURN_TYPE = YES_ERROR;
				GCC_WARN_UNDECLARED_SELECTOR = YES;
				GCC_WARN_UNINITIALIZED_AUTOS = YES_AGGRESSIVE;
				GCC_WARN_UNUSED_FUNCTION = YES;
				GCC_WARN_UNUSED_VARIABLE = YES;
				MACOSX_DEPLOYMENT_TARGET = 15.0;
				ONLY_ACTIVE_ARCH = YES;
				SDKROOT = macosx;
				SUPPORTED_PLATFORMS = macosx;
				SYMROOT = "$(PROJECT_DIR)/build/xcode";
				SYSTEM_HEADER_SEARCH_PATHS = "$(SDKROOT)/System/Library/Frameworks/Kernel.framework/Headers";
				USE_HEADERMAP = NO;
				VALID_ARCHS = x86_64;
			};
			name = Release;
		};
		B1000000000000000000000A /* Debug */ = {
			isa = XCBuildConfiguration;
			buildSettings = {
				CURRENT_PROJECT_VERSION = 0.1.0;
				GENERATE_INFOPLIST_FILE = NO;
				GCC_PREPROCESSOR_DEFINITIONS = (
					"KERNEL=1",
					"KERNEL_PRIVATE=1",
					"DRIVER_PRIVATE=1",
					"$(inherited)",
				);
				GCC_TREAT_WARNINGS_AS_ERRORS = NO;
				HEADER_SEARCH_PATHS = (
					"$(PROJECT_DIR)/include",
					"$(PROJECT_DIR)/match",
					"$(PROJECT_DIR)/kext",
				);
				INFOPLIST_FILE = kext/Info.plist;
				MARKETING_VERSION = 0.1.0;
				MODULE_NAME = dev.metalgpudrivers.NvidiaGSP;
				MODULE_START = NvidiaGSP_start;
				MODULE_STOP = NvidiaGSP_stop;
				MODULE_VERSION = 0.1.0;
				OTHER_CFLAGS = (
					-mkernel,
					"-fapple-kext",
					"-fno-builtin",
					"-fno-exceptions",
					"-fno-rtti",
					"-Wno-deprecated-declarations",
				);
				OTHER_CPLUSPLUSFLAGS = "$(OTHER_CFLAGS)";
				OTHER_LDFLAGS = (
					-nostdlib,
					"-Wl,-kext",
					"-lkmodc++",
					-lkmod,
					"-lcc_kext",
				);
				PRODUCT_BUNDLE_IDENTIFIER = dev.metalgpudrivers.NvidiaGSP;
				PRODUCT_NAME = NvidiaGSP;
				SKIP_INSTALL = YES;
				SYSTEM_HEADER_SEARCH_PATHS = "$(SDKROOT)/System/Library/Frameworks/Kernel.framework/Headers";
				WARNING_CFLAGS = (
					-Wall,
					-Wextra,
				);
				WRAPPER_EXTENSION = kext;
			};
			name = Debug;
		};
		B1000000000000000000000B /* Release */ = {
			isa = XCBuildConfiguration;
			buildSettings = {
				CURRENT_PROJECT_VERSION = 0.1.0;
				GENERATE_INFOPLIST_FILE = NO;
				GCC_PREPROCESSOR_DEFINITIONS = (
					"KERNEL=1",
					"KERNEL_PRIVATE=1",
					"DRIVER_PRIVATE=1",
					"$(inherited)",
				);
				GCC_TREAT_WARNINGS_AS_ERRORS = NO;
				HEADER_SEARCH_PATHS = (
					"$(PROJECT_DIR)/include",
					"$(PROJECT_DIR)/match",
					"$(PROJECT_DIR)/kext",
				);
				INFOPLIST_FILE = kext/Info.plist;
				MARKETING_VERSION = 0.1.0;
				MODULE_NAME = dev.metalgpudrivers.NvidiaGSP;
				MODULE_START = NvidiaGSP_start;
				MODULE_STOP = NvidiaGSP_stop;
				MODULE_VERSION = 0.1.0;
				OTHER_CFLAGS = (
					-mkernel,
					"-fapple-kext",
					"-fno-builtin",
					"-fno-exceptions",
					"-fno-rtti",
					"-Wno-deprecated-declarations",
				);
				OTHER_CPLUSPLUSFLAGS = "$(OTHER_CFLAGS)";
				OTHER_LDFLAGS = (
					-nostdlib,
					"-Wl,-kext",
					"-lkmodc++",
					-lkmod,
					"-lcc_kext",
				);
				PRODUCT_BUNDLE_IDENTIFIER = dev.metalgpudrivers.NvidiaGSP;
				PRODUCT_NAME = NvidiaGSP;
				SKIP_INSTALL = YES;
				SYSTEM_HEADER_SEARCH_PATHS = "$(SDKROOT)/System/Library/Frameworks/Kernel.framework/Headers";
				WARNING_CFLAGS = (
					-Wall,
					-Wextra,
				);
				WRAPPER_EXTENSION = kext;
			};
			name = Release;
		};
/* End XCBuildConfiguration section */

/* Begin XCConfigurationList section */
		B1000000000000000000000C /* Build configuration list for PBXProject "NvidiaGSP" */ = {
			isa = XCConfigurationList;
			buildConfigurations = (
				B10000000000000000000008 /* Debug */,
				B10000000000000000000009 /* Release */,
			);
			defaultConfigurationIsVisible = 0;
			defaultConfigurationName = Release;
		};
		B1000000000000000000000D /* Build configuration list for PBXNativeTarget "NvidiaGSP" */ = {
			isa = XCConfigurationList;
			buildConfigurations = (
				B1000000000000000000000A /* Debug */,
				B1000000000000000000000B /* Release */,
			);
			defaultConfigurationIsVisible = 0;
			defaultConfigurationName = Release;
		};
/* End XCConfigurationList section */
	};
	rootObject = B10000000000000000000001 /* Project object */;
}
